// !$*UTF8*$!
{
	archiveVersion = 1;
	classes = {
	};
	objectVersion = 46;
	objects = {

/* Begin PBXFileReference section */
		89C72E551F4B2C520099CD88 /* index.html */ = {isa = PBXFileReference; lastKnownFileType = text.html; path = index.html; sourceTree = "<group>"; };
		89C72E571F4B34580099CD88 /* style.css */ = {isa = PBXFileReference; lastKnownFileType = text.css; name = style.css; path = css/style.css; sourceTree = "<group>"; };
/* End PBXFileReference section */

/* Begin PBXGroup section */
		89C72E4E1F4B2C090099CD88 = {
			isa = PBXGroup;
			children = (
				89C72E551F4B2C520099CD88 /* index.html */,
				89C72E581F4B35810099CD88 /* css */,
			);
			sourceTree = "<group>";
		};
		89C72E581F4B35810099CD88 /* css */ = {
			isa = PBXGroup;
			children = (
				89C72E571F4B34580099CD88 /* style.css */,
			);
			name = css;
			sourceTree = "<group>";
		};
/* End PBXGroup section */

/* Begin PBXProject section */
		89C72E4F1F4B2C090099CD88 /* Project object */ = {
			isa = PBXProject;
			attributes = {
				LastUpgradeCheck = 0830;
			};
			buildConfigurationList = 89C72E521F4B2C090099CD88 /* Build configuration list for PBXProject "TreehouseClubJavaScript" */;
			compatibilityVersion = "Xcode 3.2";
			developmentRegion = English;
			hasScannedForEncodings = 0;
			knownRegions = (
				en,
			);
			mainGroup = 89C72E4E1F4B2C090099CD88;
			projectDirPath = "";
			projectRoot = "";
			targets = (
			);
		};
/* End PBXProject section */

/* Begin XCBuildConfiguration section */
		89C72E531F4B2C090099CD88 /* Debug */ = {
			isa = XCBuildConfiguration;
			buildSettings = {
			};
			name = Debug;
		};
		89C72E541F4B2C090099CD88 /* Release */ = {
			isa = XCBuildConfiguration;
			buildSettings = {
			};
			name = Release;
		};
/* End XCBuildConfiguration section */

/* Begin XCConfigurationList section */
		89C72E521F4B2C090099CD88 /* Build configuration list for PBXProject "TreehouseClubJavaScript" */ = {
			isa = XCConfigurationList;
			buildConfigurations = (
				89C72E531F4B2C090099CD88 /* Debug */,
				89C72E541F4B2C090099CD88 /* Release */,
			);
			defaultConfigurationIsVisible = 0;
			defaultConfigurationName = Release;
		};
/* End XCConfigurationList section */
	};
	rootObject = 89C72E4F1F4B2C090099CD88 /* Project object */;
}
